
Microsoft Visual Studio Solution File, Format Version 12.00
# Visual Studio 2013
VisualStudioVersion = 12.0.21005.1
MinimumVisualStudioVersion = 10.0.40219.1
Project("{FAE04EC0-301F-11D3-BF4B-00C04F79EFBC}") = "IntroductionDatabase", "IntroductionDatabase\IntroductionDatabase.csproj", "{190F5807-2E37-4E1F-842C-6169CF7EC41E}"
EndProject
Global
	GlobalSection(SolutionConfigurationPlatforms) = preSolution
		Debug|Any CPU = Debug|Any CPU
		Release|Any CPU = Release|Any CPU
	EndGlobalSection
	GlobalSection(ProjectConfigurationPlatforms) = postSolution
		{190F5807-2E37-4E1F-842C-6169CF7EC41E}.Debug|Any CPU.ActiveCfg = Debug|Any CPU
		{190F5807-2E37-4E1F-842C-6169CF7EC41E}.Debug|Any CPU.Build.0 = Debug|Any CPU
		{190F5807-2E37-4E1F-842C-6169CF7EC41E}.Release|Any CPU.ActiveCfg = Release|Any CPU
		{190F5807-2E37-4E1F-842C-6169CF7EC41E}.Release|Any CPU.Build.0 = Release|Any CPU
	EndGlobalSection
	GlobalSection(SolutionProperties) = preSolution
		HideSolutionNode = FALSE
	EndGlobalSection
EndGlobal
